
Microsoft Visual Studio Solution File, Format Version 12.00
# Visual Studio Version 17
VisualStudioVersion = 17.7.34221.43
MinimumVisualStudioVersion = 10.0.40219.1
Project("{9A19103F-16F7-4668-BE54-9A1E7A4F7556}") = "ResHub", "ResHub.csproj", "{3E4BDE12-C667-42BA-9BEB-82F2E2FE670C}"
EndProject
Project("{FAE04EC0-301F-11D3-BF4B-00C04F79EFBC}") = "Reshub.Tests", "Reshub.Tests\Reshub.Tests.csproj", "{0F719B15-709C-41A4-9F86-E22EB8C380AA}"
EndProject
Global
	GlobalSection(SolutionConfigurationPlatforms) = preSolution
		Debug|Any CPU = Debug|Any CPU
		Release|Any CPU = Release|Any CPU
	EndGlobalSection
	GlobalSection(ProjectConfigurationPlatforms) = postSolution
		{3E4BDE12-C667-42BA-9BEB-82F2E2FE670C}.Debug|Any CPU.ActiveCfg = Debug|Any CPU
		{3E4BDE12-C667-42BA-9BEB-82F2E2FE670C}.Debug|Any CPU.Build.0 = Debug|Any CPU
		{3E4BDE12-C667-42BA-9BEB-82F2E2FE670C}.Release|Any CPU.ActiveCfg = Release|Any CPU
		{3E4BDE12-C667-42BA-9BEB-82F2E2FE670C}.Release|Any CPU.Build.0 = Release|Any CPU
		{0F719B15-709C-41A4-9F86-E22EB8C380AA}.Debug|Any CPU.ActiveCfg = Debug|Any CPU
		{0F719B15-709C-41A4-9F86-E22EB8C380AA}.Debug|Any CPU.Build.0 = Debug|Any CPU
		{0F719B15-709C-41A4-9F86-E22EB8C380AA}.Release|Any CPU.ActiveCfg = Release|Any CPU
		{0F719B15-709C-41A4-9F86-E22EB8C380AA}.Release|Any CPU.Build.0 = Release|Any CPU
	EndGlobalSection
	GlobalSection(SolutionProperties) = preSolution
		HideSolutionNode = FALSE
	EndGlobalSection
	GlobalSection(ExtensibilityGlobals) = postSolution
		SolutionGuid = {8124BF29-9676-4608-A30E-D29CD648BB3B}
	EndGlobalSection
EndGlobal
